
Microsoft Visual Studio Solution File, Format Version 12.00
# Visual Studio Version 17
VisualStudioVersion = 17.0.31903.59
MinimumVisualStudioVersion = 10.0.40219.1
Project("{2150E333-8FDC-42A3-9474-1A3956D46DE8}") = "src", "src", "{EA1D037D-3863-41AE-B572-F4FE43FF333B}"
EndProject
Project("{FAE04EC0-301F-11D3-BF4B-00C04F79EFBC}") = "VoetbalAdministratie.Web", "src\VoetbalAdministratie.Web\VoetbalAdministratie.Web.csproj", "{6F5DFDB5-21F7-46CB-B429-6E41FC2B6BAE}"
EndProject
Global
	GlobalSection(SolutionConfigurationPlatforms) = preSolution
		Debug|Any CPU = Debug|Any CPU
		Release|Any CPU = Release|Any CPU
	EndGlobalSection
	GlobalSection(SolutionProperties) = preSolution
		HideSolutionNode = FALSE
	EndGlobalSection
	GlobalSection(ProjectConfigurationPlatforms) = postSolution
		{6F5DFDB5-21F7-46CB-B429-6E41FC2B6BAE}.Debug|Any CPU.ActiveCfg = Debug|Any CPU
		{6F5DFDB5-21F7-46CB-B429-6E41FC2B6BAE}.Debug|Any CPU.Build.0 = Debug|Any CPU
		{6F5DFDB5-21F7-46CB-B429-6E41FC2B6BAE}.Release|Any CPU.ActiveCfg = Release|Any CPU
		{6F5DFDB5-21F7-46CB-B429-6E41FC2B6BAE}.Release|Any CPU.Build.0 = Release|Any CPU
	EndGlobalSection
	GlobalSection(NestedProjects) = preSolution
		{6F5DFDB5-21F7-46CB-B429-6E41FC2B6BAE} = {EA1D037D-3863-41AE-B572-F4FE43FF333B}
	EndGlobalSection
EndGlobal
